
Microsoft Visual Studio Solution File, Format Version 12.00
# Visual Studio Version 16
VisualStudioVersion = 16.0.29613.14
MinimumVisualStudioVersion = 10.0.40219.1
Project("{FAE04EC0-301F-11D3-BF4B-00C04F79EFBC}") = "Minesweeper", "Minesweeper.csproj", "{DE3638BA-F541-467A-848E-FFFB737822F5}"
EndProject
Global
	GlobalSection(SolutionConfigurationPlatforms) = preSolution
		Debug|Any CPU = Debug|Any CPU
		Release|Any CPU = Release|Any CPU
	EndGlobalSection
	GlobalSection(ProjectConfigurationPlatforms) = postSolution
		{DE3638BA-F541-467A-848E-FFFB737822F5}.Debug|Any CPU.ActiveCfg = Debug|Any CPU
		{DE3638BA-F541-467A-848E-FFFB737822F5}.Debug|Any CPU.Build.0 = Debug|Any CPU
		{DE3638BA-F541-467A-848E-FFFB737822F5}.Release|Any CPU.ActiveCfg = Release|Any CPU
		{DE3638BA-F541-467A-848E-FFFB737822F5}.Release|Any CPU.Build.0 = Release|Any CPU
	EndGlobalSection
	GlobalSection(SolutionProperties) = preSolution
		HideSolutionNode = FALSE
	EndGlobalSection
	GlobalSection(ExtensibilityGlobals) = postSolution
		SolutionGuid = {070EA795-CA89-4EC6-A436-4EC6E0992C3E}
	EndGlobalSection
EndGlobal
